<?xml version="1.0" encoding="utf-8"?>
<Project ToolsVersion="4.0" xmlns="http://schemas.microsoft.com/developer/msbuild/2003">
  <ItemGroup>
    <Filter Include="Source Files">
      <UniqueIdentifier>{4FC737F1-C7A5-4376-A066-2A32D752A2FF}</UniqueIdentifier>
      <Extensions>cpp;c;cc;cxx;def;odl;idl;hpj;bat;asm;asmx</Extensions>
    </Filter>
    <Filter Include="Header Files">
      <UniqueIdentifier>{93995380-89BD-4b04-88EB-625FBE52EBFB}</UniqueIdentifier>
      <Extensions>h;hpp;hxx;hm;inl;inc;xsd</Extensions>
    </Filter>
    <Filter Include="Resource Files">
      <UniqueIdentifier>{67DA6AB6-F800-4c08-8B7A-83BB121AAD01}</UniqueIdentifier>
      <Extensions>rc;ico;cur;bmp;dlg;rc2;rct;bin;rgs;gif;jpg;jpeg;jpe;resx;tiff;tif;png;wav;mfcribbon-ms</Extensions>
    </Filter>
  </ItemGroup>
  <ItemGroup>
    <ClInclude Include="include\font.h">
      <Filter>Header Files</Filter>
    </ClInclude>
    <ClInclude Include="include\game.h">
      <Filter>Header Files</Filter>
    </ClInclude>
    <ClInclude Include="include\gb2312_to_Unicode.h">
      <Filter>Header Files</Filter>
    </ClInclude>
    <ClInclude Include="include\GUI.h">
      <Filter>Header Files</Filter>
    </ClInclude>
    <ClInclude Include="include\RPG_AI.h">
      <Filter>Header Files</Filter>
    </ClInclude>
    <ClInclude Include="include\RPG_Config.h">
      <Filter>Header Files</Filter>
    </ClInclude>
    <ClInclude Include="include\RPG_DialogSystem.h">
      <Filter>Header Files</Filter>
    </ClInclude>
    <ClInclude Include="include\RPG_EquipmentSystem.h">
      <Filter>Header Files</Filter>
    </ClInclude>
    <ClInclude Include="include\RPG_EventManager.h">
      <Filter>Header Files</Filter>
    </ClInclude>
    <ClInclude Include="include\RPG_FightSystem.h">
      <Filter>Header Files</Filter>
    </ClInclude>
    <ClInclude Include="include\RPG_FindPath.h">
      <Filter>Header Files</Filter>
    </ClInclude>
    <ClInclude Include="include\RPG_Image.h">
      <Filter>Header Files</Filter>
    </ClInclude>
    <ClInclude Include="include\RPG_LearnMagic.h">
      <Filter>Header Files</Filter>
    </ClInclude>
    <ClInclude Include="include\RPG_Map.h">
      <Filter>Header Files</Filter>
    </ClInclude>
    <ClInclude Include="include\RPG_MapRender.h">
      <Filter>Header Files</Filter>
    </ClInclude>
    <ClInclude Include="include\RPG_MenuSurface.h">
      <Filter>Header Files</Filter>
    </ClInclude>
    <ClInclude Include="include\RPG_MixSound.h">
      <Filter>Header Files</Filter>
    </ClInclude>
    <ClInclude Include="include\RPG_NPC.h">
      <Filter>Header Files</Filter>
    </ClInclude>
    <ClInclude Include="include\RPG_RenderEngine.h">
      <Filter>Header Files</Filter>
    </ClInclude>
    <ClInclude Include="include\RPG_SceneManager.h">
      <Filter>Header Files</Filter>
    </ClInclude>
    <ClInclude Include="include\RPG_ShopingSystem.h">
      <Filter>Header Files</Filter>
    </ClInclude>
    <ClInclude Include="include\RPG_SoundManager.h">
      <Filter>Header Files</Filter>
    </ClInclude>
    <ClInclude Include="include\RPG_SpriteManager.h">
      <Filter>Header Files</Filter>
    </ClInclude>
    <ClInclude Include="include\RPG_TaskSystem.h">
      <Filter>Header Files</Filter>
    </ClInclude>
  </ItemGroup>
  <ItemGroup>
    <ClCompile Include="src\font.cpp">
      <Filter>Resource Files</Filter>
    </ClCompile>
    <ClCompile Include="src\game.cpp">
      <Filter>Resource Files</Filter>
    </ClCompile>
    <ClCompile Include="src\gb2312_to_Unicode.cpp">
      <Filter>Resource Files</Filter>
    </ClCompile>
    <ClCompile Include="src\GUI.cpp">
      <Filter>Resource Files</Filter>
    </ClCompile>
    <ClCompile Include="src\main.cpp">
      <Filter>Resource Files</Filter>
    </ClCompile>
    <ClCompile Include="src\RPG_AI.cpp">
      <Filter>Resource Files</Filter>
    </ClCompile>
    <ClCompile Include="src\RPG_Config.cpp">
      <Filter>Resource Files</Filter>
    </ClCompile>
    <ClCompile Include="src\RPG_DialogSystem.cpp">
      <Filter>Resource Files</Filter>
    </ClCompile>
    <ClCompile Include="src\RPG_EquipmentSystem.cpp">
      <Filter>Resource Files</Filter>
    </ClCompile>
    <ClCompile Include="src\RPG_EventManager.cpp">
      <Filter>Resource Files</Filter>
    </ClCompile>
    <ClCompile Include="src\RPG_FightSystem.cpp">
      <Filter>Resource Files</Filter>
    </ClCompile>
    <ClCompile Include="src\RPG_FindPath.cpp">
      <Filter>Resource Files</Filter>
    </ClCompile>
    <ClCompile Include="src\RPG_Image.cpp">
      <Filter>Resource Files</Filter>
    </ClCompile>
    <ClCompile Include="src\RPG_LearnMagic.cpp">
      <Filter>Resource Files</Filter>
    </ClCompile>
    <ClCompile Include="src\RPG_Map.cpp">
      <Filter>Resource Files</Filter>
    </ClCompile>
    <ClCompile Include="src\RPG_MapRender.cpp">
      <Filter>Resource Files</Filter>
    </ClCompile>
    <ClCompile Include="src\RPG_MenuSurface.cpp">
      <Filter>Resource Files</Filter>
    </ClCompile>
    <ClCompile Include="src\RPG_MixSound.cpp">
      <Filter>Resource Files</Filter>
    </ClCompile>
    <ClCompile Include="src\RPG_NPC.cpp">
      <Filter>Resource Files</Filter>
    </ClCompile>
    <ClCompile Include="src\RPG_RenderEngine.cpp">
      <Filter>Resource Files</Filter>
    </ClCompile>
    <ClCompile Include="src\RPG_SceneManager.cpp">
      <Filter>Resource Files</Filter>
    </ClCompile>
    <ClCompile Include="src\RPG_ShopingSystem.cpp">
      <Filter>Resource Files</Filter>
    </ClCompile>
    <ClCompile Include="src\RPG_SoundManager.cpp">
      <Filter>Resource Files</Filter>
    </ClCompile>
    <ClCompile Include="src\RPG_SpriteManager.cpp">
      <Filter>Resource Files</Filter>
    </ClCompile>
    <ClCompile Include="src\RPG_TaskSystem.cpp">
      <Filter>Resource Files</Filter>
    </ClCompile>
    <ClCompile Include="src\story.cpp">
      <Filter>Resource Files</Filter>
    </ClCompile>
  </ItemGroup>
</Project>